
Microsoft Visual Studio Solution File, Format Version 12.00
# Visual Studio Version 16
VisualStudioVersion = 16.0.31313.79
MinimumVisualStudioVersion = 10.0.40219.1
Project("{FAE04EC0-301F-11D3-BF4B-00C04F79EFBC}") = "Yamen.Android", "Yamen\Yamen.Android\Yamen.Android.csproj", "{33C35BAF-2700-4C4E-BD5C-B1B4213F9237}"
EndProject
Project("{FAE04EC0-301F-11D3-BF4B-00C04F79EFBC}") = "Yamen.iOS", "Yamen\Yamen.iOS\Yamen.iOS.csproj", "{7F84B004-6EE6-4A64-B3DC-62BABC5CAA84}"
EndProject
Project("{FAE04EC0-301F-11D3-BF4B-00C04F79EFBC}") = "Yamen", "Yamen\Yamen\Yamen.csproj", "{6E22DAED-2C81-4D6C-9105-864DFF4E0A37}"
EndProject
Global
	GlobalSection(SolutionConfigurationPlatforms) = preSolution
		Debug|Any CPU = Debug|Any CPU
		Debug|iPhone = Debug|iPhone
		Debug|iPhoneSimulator = Debug|iPhoneSimulator
		Release|Any CPU = Release|Any CPU
		Release|iPhone = Release|iPhone
		Release|iPhoneSimulator = Release|iPhoneSimulator
	EndGlobalSection
	GlobalSection(ProjectConfigurationPlatforms) = postSolution
		{33C35BAF-2700-4C4E-BD5C-B1B4213F9237}.Debug|Any CPU.ActiveCfg = Debug|Any CPU
		{33C35BAF-2700-4C4E-BD5C-B1B4213F9237}.Debug|Any CPU.Build.0 = Debug|Any CPU
		{33C35BAF-2700-4C4E-BD5C-B1B4213F9237}.Debug|Any CPU.Deploy.0 = Debug|Any CPU
		{33C35BAF-2700-4C4E-BD5C-B1B4213F9237}.Debug|iPhone.ActiveCfg = Debug|Any CPU
		{33C35BAF-2700-4C4E-BD5C-B1B4213F9237}.Debug|iPhone.Build.0 = Debug|Any CPU
		{33C35BAF-2700-4C4E-BD5C-B1B4213F9237}.Debug|iPhone.Deploy.0 = Debug|Any CPU
		{33C35BAF-2700-4C4E-BD5C-B1B4213F9237}.Debug|iPhoneSimulator.ActiveCfg = Debug|Any CPU
		{33C35BAF-2700-4C4E-BD5C-B1B4213F9237}.Debug|iPhoneSimulator.Build.0 = Debug|Any CPU
		{33C35BAF-2700-4C4E-BD5C-B1B4213F9237}.Debug|iPhoneSimulator.Deploy.0 = Debug|Any CPU
		{33C35BAF-2700-4C4E-BD5C-B1B4213F9237}.Release|Any CPU.ActiveCfg = Release|Any CPU
		{33C35BAF-2700-4C4E-BD5C-B1B4213F9237}.Release|Any CPU.Build.0 = Release|Any CPU
		{33C35BAF-2700-4C4E-BD5C-B1B4213F9237}.Release|Any CPU.Deploy.0 = Release|Any CPU
		{33C35BAF-2700-4C4E-BD5C-B1B4213F9237}.Release|iPhone.ActiveCfg = Release|Any CPU
		{33C35BAF-2700-4C4E-BD5C-B1B4213F9237}.Release|iPhone.Build.0 = Release|Any CPU
		{33C35BAF-2700-4C4E-BD5C-B1B4213F9237}.Release|iPhone.Deploy.0 = Release|Any CPU
		{33C35BAF-2700-4C4E-BD5C-B1B4213F9237}.Release|iPhoneSimulator.ActiveCfg = Release|Any CPU
		{33C35BAF-2700-4C4E-BD5C-B1B4213F9237}.Release|iPhoneSimulator.Build.0 = Release|Any CPU
		{33C35BAF-2700-4C4E-BD5C-B1B4213F9237}.Release|iPhoneSimulator.Deploy.0 = Release|Any CPU
		{7F84B004-6EE6-4A64-B3DC-62BABC5CAA84}.Debug|Any CPU.ActiveCfg = Debug|iPhone
		{7F84B004-6EE6-4A64-B3DC-62BABC5CAA84}.Debug|Any CPU.Build.0 = Debug|iPhone
		{7F84B004-6EE6-4A64-B3DC-62BABC5CAA84}.Debug|Any CPU.Deploy.0 = Debug|iPhone
		{7F84B004-6EE6-4A64-B3DC-62BABC5CAA84}.Debug|iPhone.ActiveCfg = Debug|iPhone
		{7F84B004-6EE6-4A64-B3DC-62BABC5CAA84}.Debug|iPhone.Build.0 = Debug|iPhone
		{7F84B004-6EE6-4A64-B3DC-62BABC5CAA84}.Debug|iPhone.Deploy.0 = Debug|iPhone
		{7F84B004-6EE6-4A64-B3DC-62BABC5CAA84}.Debug|iPhoneSimulator.ActiveCfg = Debug|iPhoneSimulator
		{7F84B004-6EE6-4A64-B3DC-62BABC5CAA84}.Debug|iPhoneSimulator.Build.0 = Debug|iPhoneSimulator
		{7F84B004-6EE6-4A64-B3DC-62BABC5CAA84}.Debug|iPhoneSimulator.Deploy.0 = Debug|iPhoneSimulator
		{7F84B004-6EE6-4A64-B3DC-62BABC5CAA84}.Release|Any CPU.ActiveCfg = Release|iPhoneSimulator
		{7F84B004-6EE6-4A64-B3DC-62BABC5CAA84}.Release|Any CPU.Build.0 = Release|iPhoneSimulator
		{7F84B004-6EE6-4A64-B3DC-62BABC5CAA84}.Release|Any CPU.Deploy.0 = Release|iPhoneSimulator
		{7F84B004-6EE6-4A64-B3DC-62BABC5CAA84}.Release|iPhone.ActiveCfg = Release|iPhone
		{7F84B004-6EE6-4A64-B3DC-62BABC5CAA84}.Release|iPhone.Build.0 = Release|iPhone
		{7F84B004-6EE6-4A64-B3DC-62BABC5CAA84}.Release|iPhone.Deploy.0 = Release|iPhone
		{7F84B004-6EE6-4A64-B3DC-62BABC5CAA84}.Release|iPhoneSimulator.ActiveCfg = Release|iPhoneSimulator
		{7F84B004-6EE6-4A64-B3DC-62BABC5CAA84}.Release|iPhoneSimulator.Build.0 = Release|iPhoneSimulator
		{7F84B004-6EE6-4A64-B3DC-62BABC5CAA84}.Release|iPhoneSimulator.Deploy.0 = Release|iPhoneSimulator
		{6E22DAED-2C81-4D6C-9105-864DFF4E0A37}.Debug|Any CPU.ActiveCfg = Debug|Any CPU
		{6E22DAED-2C81-4D6C-9105-864DFF4E0A37}.Debug|Any CPU.Build.0 = Debug|Any CPU
		{6E22DAED-2C81-4D6C-9105-864DFF4E0A37}.Debug|Any CPU.Deploy.0 = Debug|Any CPU
		{6E22DAED-2C81-4D6C-9105-864DFF4E0A37}.Debug|iPhone.ActiveCfg = Debug|Any CPU
		{6E22DAED-2C81-4D6C-9105-864DFF4E0A37}.Debug|iPhone.Build.0 = Debug|Any CPU
		{6E22DAED-2C81-4D6C-9105-864DFF4E0A37}.Debug|iPhone.Deploy.0 = Debug|Any CPU
		{6E22DAED-2C81-4D6C-9105-864DFF4E0A37}.Debug|iPhoneSimulator.ActiveCfg = Debug|Any CPU
		{6E22DAED-2C81-4D6C-9105-864DFF4E0A37}.Debug|iPhoneSimulator.Build.0 = Debug|Any CPU
		{6E22DAED-2C81-4D6C-9105-864DFF4E0A37}.Debug|iPhoneSimulator.Deploy.0 = Debug|Any CPU
		{6E22DAED-2C81-4D6C-9105-864DFF4E0A37}.Release|Any CPU.ActiveCfg = Release|Any CPU
		{6E22DAED-2C81-4D6C-9105-864DFF4E0A37}.Release|Any CPU.Build.0 = Release|Any CPU
		{6E22DAED-2C81-4D6C-9105-864DFF4E0A37}.Release|Any CPU.Deploy.0 = Release|Any CPU
		{6E22DAED-2C81-4D6C-9105-864DFF4E0A37}.Release|iPhone.ActiveCfg = Release|Any CPU
		{6E22DAED-2C81-4D6C-9105-864DFF4E0A37}.Release|iPhone.Build.0 = Release|Any CPU
		{6E22DAED-2C81-4D6C-9105-864DFF4E0A37}.Release|iPhone.Deploy.0 = Release|Any CPU
		{6E22DAED-2C81-4D6C-9105-864DFF4E0A37}.Release|iPhoneSimulator.ActiveCfg = Release|Any CPU
		{6E22DAED-2C81-4D6C-9105-864DFF4E0A37}.Release|iPhoneSimulator.Build.0 = Release|Any CPU
		{6E22DAED-2C81-4D6C-9105-864DFF4E0A37}.Release|iPhoneSimulator.Deploy.0 = Release|Any CPU
	EndGlobalSection
	GlobalSection(SolutionProperties) = preSolution
		HideSolutionNode = FALSE
	EndGlobalSection
	GlobalSection(ExtensibilityGlobals) = postSolution
		SolutionGuid = {459BD5E3-17BD-499C-8A54-827BE9F060E9}
	EndGlobalSection
EndGlobal
